// !$*UTF8*$!
{
	archiveVersion = 1;
	classes = {
	};
	objectVersion = 77;
	objects = {

/* Begin PBXContainerItemProxy section */
		E21718CC2CF876F8007D81AB /* PBXContainerItemProxy */ = {
			isa = PBXContainerItemProxy;
			containerPortal = E21718AE2CF876F6007D81AB /* Project object */;
			proxyType = 1;
			remoteGlobalIDString = E21718B52CF876F6007D81AB;
			remoteInfo = atthack24;
		};
		E21718D62CF876F8007D81AB /* PBXContainerItemProxy */ = {
			isa = PBXContainerItemProxy;
			containerPortal = E21718AE2CF876F6007D81AB /* Project object */;
			proxyType = 1;
			remoteGlobalIDString = E21718B52CF876F6007D81AB;
			remoteInfo = atthack24;
		};
/* End PBXContainerItemProxy section */

/* Begin PBXFileReference section */
		E21718B62CF876F6007D81AB /* atthack24.app */ = {isa = PBXFileReference; explicitFileType = wrapper.application; includeInIndex = 0; path = atthack24.app; sourceTree = BUILT_PRODUCTS_DIR; };
		E21718CB2CF876F8007D81AB /* atthack24Tests.xctest */ = {isa = PBXFileReference; explicitFileType = wrapper.cfbundle; includeInIndex = 0; path = atthack24Tests.xctest; sourceTree = BUILT_PRODUCTS_DIR; };
		E21718D52CF876F8007D81AB /* atthack24UITests.xctest */ = {isa = PBXFileReference; explicitFileType = wrapper.cfbundle; includeInIndex = 0; path = atthack24UITests.xctest; sourceTree = BUILT_PRODUCTS_DIR; };
/* End PBXFileReference section */

/* Begin PBXFileSystemSynchronizedBuildFileExceptionSet section */
		E217190A2CF8A564007D81AB /* Exceptions for "atthack24" folder in "atthack24" target */ = {
			isa = PBXFileSystemSynchronizedBuildFileExceptionSet;
			membershipExceptions = (
				Info.plist,
			);
			target = E21718B52CF876F6007D81AB /* atthack24 */;
		};
/* End PBXFileSystemSynchronizedBuildFileExceptionSet section */

/* Begin PBXFileSystemSynchronizedRootGroup section */
		E21718B82CF876F6007D81AB /* atthack24 */ = {
			isa = PBXFileSystemSynchronizedRootGroup;
			exceptions = (
				E217190A2CF8A564007D81AB /* Exceptions for "atthack24" folder in "atthack24" target */,
			);
			path = atthack24;
			sourceTree = "<group>";
		};
		E21718CE2CF876F8007D81AB /* atthack24Tests */ = {
			isa = PBXFileSystemSynchronizedRootGroup;
			path = atthack24Tests;
			sourceTree = "<group>";
		};
		E21718D82CF876F8007D81AB /* atthack24UITests */ = {
			isa = PBXFileSystemSynchronizedRootGroup;
			path = atthack24UITests;
			sourceTree = "<group>";
		};
/* End PBXFileSystemSynchronizedRootGroup section */

/* Begin PBXFrameworksBuildPhase section */
		E21718B32CF876F6007D81AB /* Frameworks */ = {
			isa = PBXFrameworksBuildPhase;
			buildActionMask = 2147483647;
			files = (
			);
			runOnlyForDeploymentPostprocessing = 0;
		};
		E21718C82CF876F8007D81AB /* Frameworks */ = {
			isa = PBXFrameworksBuildPhase;
			buildActionMask = 2147483647;
			files = (
			);
			runOnlyForDeploymentPostprocessing = 0;
		};
		E21718D22CF876F8007D81AB /* Frameworks */ = {
			isa = PBXFrameworksBuildPhase;
			buildActionMask = 2147483647;
			files = (
			);
			runOnlyForDeploymentPostprocessing = 0;
		};
/* End PBXFrameworksBuildPhase section */

/* Begin PBXGroup section */
		E21718AD2CF876F6007D81AB = {
			isa = PBXGroup;
			children = (
				E21718B82CF876F6007D81AB /* atthack24 */,
				E21718CE2CF876F8007D81AB /* atthack24Tests */,
				E21718D82CF876F8007D81AB /* atthack24UITests */,
				E21718B72CF876F6007D81AB /* Products */,
			);
			sourceTree = "<group>";
		};
		E21718B72CF876F6007D81AB /* Products */ = {
			isa = PBXGroup;
			children = (
				E21718B62CF876F6007D81AB /* atthack24.app */,
				E21718CB2CF876F8007D81AB /* atthack24Tests.xctest */,
				E21718D52CF876F8007D81AB /* atthack24UITests.xctest */,
			);
			name = Products;
			sourceTree = "<group>";
		};
/* End PBXGroup section */

/* Begin PBXNativeTarget section */
		E21718B52CF876F6007D81AB /* atthack24 */ = {
			isa = PBXNativeTarget;
			buildConfigurationList = E21718DF2CF876F8007D81AB /* Build configuration list for PBXNativeTarget "atthack24" */;
			buildPhases = (
				E21718B22CF876F6007D81AB /* Sources */,
				E21718B32CF876F6007D81AB /* Frameworks */,
				E21718B42CF876F6007D81AB /* Resources */,
			);
			buildRules = (
			);
			dependencies = (
			);
			fileSystemSynchronizedGroups = (
				E21718B82CF876F6007D81AB /* atthack24 */,
			);
			name = atthack24;
			packageProductDependencies = (
			);
			productName = atthack24;
			productReference = E21718B62CF876F6007D81AB /* atthack24.app */;
			productType = "com.apple.product-type.application";
		};
		E21718CA2CF876F8007D81AB /* atthack24Tests */ = {
			isa = PBXNativeTarget;
			buildConfigurationList = E21718E22CF876F8007D81AB /* Build configuration list for PBXNativeTarget "atthack24Tests" */;
			buildPhases = (
				E21718C72CF876F8007D81AB /* Sources */,
				E21718C82CF876F8007D81AB /* Frameworks */,
				E21718C92CF876F8007D81AB /* Resources */,
			);
			buildRules = (
			);
			dependencies = (
				E21718CD2CF876F8007D81AB /* PBXTargetDependency */,
			);
			fileSystemSynchronizedGroups = (
				E21718CE2CF876F8007D81AB /* atthack24Tests */,
			);
			name = atthack24Tests;
			packageProductDependencies = (
			);
			productName = atthack24Tests;
			productReference = E21718CB2CF876F8007D81AB /* atthack24Tests.xctest */;
			productType = "com.apple.product-type.bundle.unit-test";
		};
		E21718D42CF876F8007D81AB /* atthack24UITests */ = {
			isa = PBXNativeTarget;
			buildConfigurationList = E21718E52CF876F8007D81AB /* Build configuration list for PBXNativeTarget "atthack24UITests" */;
			buildPhases = (
				E21718D12CF876F8007D81AB /* Sources */,
				E21718D22CF876F8007D81AB /* Frameworks */,
				E21718D32CF876F8007D81AB /* Resources */,
			);
			buildRules = (
			);
			dependencies = (
				E21718D72CF876F8007D81AB /* PBXTargetDependency */,
			);
			fileSystemSynchronizedGroups = (
				E21718D82CF876F8007D81AB /* atthack24UITests */,
			);
			name = atthack24UITests;
			packageProductDependencies = (
			);
			productName = atthack24UITests;
			productReference = E21718D52CF876F8007D81AB /* atthack24UITests.xctest */;
			productType = "com.apple.product-type.bundle.ui-testing";
		};
/* End PBXNativeTarget section */

/* Begin PBXProject section */
		E21718AE2CF876F6007D81AB /* Project object */ = {
			isa = PBXProject;
			attributes = {
				BuildIndependentTargetsInParallel = 1;
				LastSwiftUpdateCheck = 1610;
				LastUpgradeCheck = 1610;
				TargetAttributes = {
					E21718B52CF876F6007D81AB = {
						CreatedOnToolsVersion = 16.1;
					};
					E21718CA2CF876F8007D81AB = {
						CreatedOnToolsVersion = 16.1;
						TestTargetID = E21718B52CF876F6007D81AB;
					};
					E21718D42CF876F8007D81AB = {
						CreatedOnToolsVersion = 16.1;
						TestTargetID = E21718B52CF876F6007D81AB;
					};
				};
			};
			buildConfigurationList = E21718B12CF876F6007D81AB /* Build configuration list for PBXProject "atthack24" */;
			developmentRegion = cs;
			hasScannedForEncodings = 0;
			knownRegions = (
				Base,
				cs,
			);
			mainGroup = E21718AD2CF876F6007D81AB;
			minimizedProjectReferenceProxies = 1;
			preferredProjectObjectVersion = 77;
			productRefGroup = E21718B72CF876F6007D81AB /* Products */;
			projectDirPath = "";
			projectRoot = "";
			targets = (
				E21718B52CF876F6007D81AB /* atthack24 */,
				E21718CA2CF876F8007D81AB /* atthack24Tests */,
				E21718D42CF876F8007D81AB /* atthack24UITests */,
			);
		};
/* End PBXProject section */

/* Begin PBXResourcesBuildPhase section */
		E21718B42CF876F6007D81AB /* Resources */ = {
			isa = PBXResourcesBuildPhase;
			buildActionMask = 2147483647;
			files = (
			);
			runOnlyForDeploymentPostprocessing = 0;
		};
		E21718C92CF876F8007D81AB /* Resources */ = {
			isa = PBXResourcesBuildPhase;
			buildActionMask = 2147483647;
			files = (
			);
			runOnlyForDeploymentPostprocessing = 0;
		};
		E21718D32CF876F8007D81AB /* Resources */ = {
			isa = PBXResourcesBuildPhase;
			buildActionMask = 2147483647;
			files = (
			);
			runOnlyForDeploymentPostprocessing = 0;
		};
/* End PBXResourcesBuildPhase section */

/* Begin PBXSourcesBuildPhase section */
		E21718B22CF876F6007D81AB /* Sources */ = {
			isa = PBXSourcesBuildPhase;
			buildActionMask = 2147483647;
			files = (
			);
			runOnlyForDeploymentPostprocessing = 0;
		};
		E21718C72CF876F8007D81AB /* Sources */ = {
			isa = PBXSourcesBuildPhase;
			buildActionMask = 2147483647;
			files = (
			);
			runOnlyForDeploymentPostprocessing = 0;
		};
		E21718D12CF876F8007D81AB /* Sources */ = {
			isa = PBXSourcesBuildPhase;
			buildActionMask = 2147483647;
			files = (
			);
			runOnlyForDeploymentPostprocessing = 0;
		};
/* End PBXSourcesBuildPhase section */

/* Begin PBXTargetDependency section */
		E21718CD2CF876F8007D81AB /* PBXTargetDependency */ = {
			isa = PBXTargetDependency;
			target = E21718B52CF876F6007D81AB /* atthack24 */;
			targetProxy = E21718CC2CF876F8007D81AB /* PBXContainerItemProxy */;
		};
		E21718D72CF876F8007D81AB /* PBXTargetDependency */ = {
			isa = PBXTargetDependency;
			target = E21718B52CF876F6007D81AB /* atthack24 */;
			targetProxy = E21718D62CF876F8007D81AB /* PBXContainerItemProxy */;
		};
/* End PBXTargetDependency section */

/* Begin XCBuildConfiguration section */
		E21718DD2CF876F8007D81AB /* Debug */ = {
			isa = XCBuildConfiguration;
			buildSettings = {
				ALWAYS_SEARCH_USER_PATHS = NO;
				ASSETCATALOG_COMPILER_GENERATE_SWIFT_ASSET_SYMBOL_EXTENSIONS = YES;
				CLANG_ANALYZER_NONNULL = YES;
				CLANG_ANALYZER_NUMBER_OBJECT_CONVERSION = YES_AGGRESSIVE;
				CLANG_CXX_LANGUAGE_STANDARD = "gnu++20";
				CLANG_ENABLE_MODULES = YES;
				CLANG_ENABLE_OBJC_ARC = YES;
				CLANG_ENABLE_OBJC_WEAK = YES;
				CLANG_WARN_BLOCK_CAPTURE_AUTORELEASING = YES;
				CLANG_WARN_BOOL_CONVERSION = YES;
				CLANG_WARN_COMMA = YES;
				CLANG_WARN_CONSTANT_CONVERSION = YES;
				CLANG_WARN_DEPRECATED_OBJC_IMPLEMENTATIONS = YES;
				CLANG_WARN_DIRECT_OBJC_ISA_USAGE = YES_ERROR;
				CLANG_WARN_DOCUMENTATION_COMMENTS = YES;
				CLANG_WARN_EMPTY_BODY = YES;
				CLANG_WARN_ENUM_CONVERSION = YES;
				CLANG_WARN_INFINITE_RECURSION = YES;
				CLANG_WARN_INT_CONVERSION = YES;
				CLANG_WARN_NON_LITERAL_NULL_CONVERSION = YES;
				CLANG_WARN_OBJC_IMPLICIT_RETAIN_SELF = YES;
				CLANG_WARN_OBJC_LITERAL_CONVERSION = YES;
				CLANG_WARN_OBJC_ROOT_CLASS = YES_ERROR;
				CLANG_WARN_QUOTED_INCLUDE_IN_FRAMEWORK_HEADER = YES;
				CLANG_WARN_RANGE_LOOP_ANALYSIS = YES;
				CLANG_WARN_STRICT_PROTOTYPES = YES;
				CLANG_WARN_SUSPICIOUS_MOVE = YES;
				CLANG_WARN_UNGUARDED_AVAILABILITY = YES_AGGRESSIVE;
				CLANG_WARN_UNREACHABLE_CODE = YES;
				CLANG_WARN__DUPLICATE_METHOD_MATCH = YES;
				COPY_PHASE_STRIP = NO;
				DEBUG_INFORMATION_FORMAT = dwarf;
				ENABLE_STRICT_OBJC_MSGSEND = YES;
				ENABLE_TESTABILITY = YES;
				ENABLE_USER_SCRIPT_SANDBOXING = YES;
				GCC_C_LANGUAGE_STANDARD = gnu17;
				GCC_DYNAMIC_NO_PIC = NO;
				GCC_NO_COMMON_BLOCKS = YES;
				GCC_OPTIMIZATION_LEVEL = 0;
				GCC_PREPROCESSOR_DEFINITIONS = (
					"DEBUG=1",
					"$(inherited)",
				);
				GCC_WARN_64_TO_32_BIT_CONVERSION = YES;
				GCC_WARN_ABOUT_RETURN_TYPE = YES_ERROR;
				GCC_WARN_UNDECLARED_SELECTOR = YES;
				GCC_WARN_UNINITIALIZED_AUTOS = YES_AGGRESSIVE;
				GCC_WARN_UNUSED_FUNCTION = YES;
				GCC_WARN_UNUSED_VARIABLE = YES;
				IPHONEOS_DEPLOYMENT_TARGET = 18.1;
				LOCALIZATION_PREFERS_STRING_CATALOGS = YES;
				MTL_ENABLE_DEBUG_INFO = INCLUDE_SOURCE;
				MTL_FAST_MATH = YES;
				ONLY_ACTIVE_ARCH = YES;
				SDKROOT = iphoneos;
				SWIFT_ACTIVE_COMPILATION_CONDITIONS = "DEBUG $(inherited)";
				SWIFT_OPTIMIZATION_LEVEL = "-Onone";
			};
			name = Debug;
		};
		E21718DE2CF876F8007D81AB /* Release */ = {
			isa = XCBuildConfiguration;
			buildSettings = {
				ALWAYS_SEARCH_USER_PATHS = NO;
				ASSETCATALOG_COMPILER_GENERATE_SWIFT_ASSET_SYMBOL_EXTENSIONS = YES;
				CLANG_ANALYZER_NONNULL = YES;
				CLANG_ANALYZER_NUMBER_OBJECT_CONVERSION = YES_AGGRESSIVE;
				CLANG_CXX_LANGUAGE_STANDARD = "gnu++20";
				CLANG_ENABLE_MODULES = YES;
				CLANG_ENABLE_OBJC_ARC = YES;
				CLANG_ENABLE_OBJC_WEAK = YES;
				CLANG_WARN_BLOCK_CAPTURE_AUTORELEASING = YES;
				CLANG_WARN_BOOL_CONVERSION = YES;
				CLANG_WARN_COMMA = YES;
				CLANG_WARN_CONSTANT_CONVERSION = YES;
				CLANG_WARN_DEPRECATED_OBJC_IMPLEMENTATIONS = YES;
				CLANG_WARN_DIRECT_OBJC_ISA_USAGE = YES_ERROR;
				CLANG_WARN_DOCUMENTATION_COMMENTS = YES;
				CLANG_WARN_EMPTY_BODY = YES;
				CLANG_WARN_ENUM_CONVERSION = YES;
				CLANG_WARN_INFINITE_RECURSION = YES;
				CLANG_WARN_INT_CONVERSION = YES;
				CLANG_WARN_NON_LITERAL_NULL_CONVERSION = YES;
				CLANG_WARN_OBJC_IMPLICIT_RETAIN_SELF = YES;
				CLANG_WARN_OBJC_LITERAL_CONVERSION = YES;
				CLANG_WARN_OBJC_ROOT_CLASS = YES_ERROR;
				CLANG_WARN_QUOTED_INCLUDE_IN_FRAMEWORK_HEADER = YES;
				CLANG_WARN_RANGE_LOOP_ANALYSIS = YES;
				CLANG_WARN_STRICT_PROTOTYPES = YES;
				CLANG_WARN_SUSPICIOUS_MOVE = YES;
				CLANG_WARN_UNGUARDED_AVAILABILITY = YES_AGGRESSIVE;
				CLANG_WARN_UNREACHABLE_CODE = YES;
				CLANG_WARN__DUPLICATE_METHOD_MATCH = YES;
				COPY_PHASE_STRIP = NO;
				DEBUG_INFORMATION_FORMAT = "dwarf-with-dsym";
				ENABLE_NS_ASSERTIONS = NO;
				ENABLE_STRICT_OBJC_MSGSEND = YES;
				ENABLE_USER_SCRIPT_SANDBOXING = YES;
				GCC_C_LANGUAGE_STANDARD = gnu17;
				GCC_NO_COMMON_BLOCKS = YES;
				GCC_WARN_64_TO_32_BIT_CONVERSION = YES;
				GCC_WARN_ABOUT_RETURN_TYPE = YES_ERROR;
				GCC_WARN_UNDECLARED_SELECTOR = YES;
				GCC_WARN_UNINITIALIZED_AUTOS = YES_AGGRESSIVE;
				GCC_WARN_UNUSED_FUNCTION = YES;
				GCC_WARN_UNUSED_VARIABLE = YES;
				IPHONEOS_DEPLOYMENT_TARGET = 18.1;
				LOCALIZATION_PREFERS_STRING_CATALOGS = YES;
				MTL_ENABLE_DEBUG_INFO = NO;
				MTL_FAST_MATH = YES;
				SDKROOT = iphoneos;
				SWIFT_COMPILATION_MODE = wholemodule;
				VALIDATE_PRODUCT = YES;
			};
			name = Release;
		};
		E21718E02CF876F8007D81AB /* Debug */ = {
			isa = XCBuildConfiguration;
			buildSettings = {
				ASSETCATALOG_COMPILER_APPICON_NAME = AppIcon;
				ASSETCATALOG_COMPILER_GLOBAL_ACCENT_COLOR_NAME = AccentColor;
				CODE_SIGN_STYLE = Automatic;
				CURRENT_PROJECT_VERSION = 1;
				DEVELOPMENT_ASSET_PATHS = "\"atthack24/Preview Content\"";
				DEVELOPMENT_TEAM = 3A6563UC64;
				ENABLE_PREVIEWS = YES;
				GENERATE_INFOPLIST_FILE = YES;
				INFOPLIST_FILE = atthack24/Info.plist;
				INFOPLIST_KEY_NSLocationWhenInUseUsageDescription = "";
				INFOPLIST_KEY_UIApplicationSceneManifest_Generation = YES;
				INFOPLIST_KEY_UIApplicationSupportsIndirectInputEvents = YES;
				INFOPLIST_KEY_UILaunchScreen_Generation = YES;
				INFOPLIST_KEY_UISupportedInterfaceOrientations_iPad = "UIInterfaceOrientationPortrait UIInterfaceOrientationPortraitUpsideDown UIInterfaceOrientationLandscapeLeft UIInterfaceOrientationLandscapeRight";
				INFOPLIST_KEY_UISupportedInterfaceOrientations_iPhone = "UIInterfaceOrientationPortrait UIInterfaceOrientationLandscapeLeft UIInterfaceOrientationLandscapeRight";
				LD_RUNPATH_SEARCH_PATHS = (
					"$(inherited)",
					"@executable_path/Frameworks",
				);
				MARKETING_VERSION = 1.0;
				PRODUCT_BUNDLE_IDENTIFIER = q.atthack24;
				PRODUCT_NAME = "$(TARGET_NAME)";
				SWIFT_EMIT_LOC_STRINGS = YES;
				SWIFT_VERSION = 5.0;
				TARGETED_DEVICE_FAMILY = "1,2";
			};
			name = Debug;
		};
		E21718E12CF876F8007D81AB /* Release */ = {
			isa = XCBuildConfiguration;
			buildSettings = {
				ASSETCATALOG_COMPILER_APPICON_NAME = AppIcon;
				ASSETCATALOG_COMPILER_GLOBAL_ACCENT_COLOR_NAME = AccentColor;
				CODE_SIGN_STYLE = Automatic;
				CURRENT_PROJECT_VERSION = 1;
				DEVELOPMENT_ASSET_PATHS = "\"atthack24/Preview Content\"";
				DEVELOPMENT_TEAM = 3A6563UC64;
				ENABLE_PREVIEWS = YES;
				GENERATE_INFOPLIST_FILE = YES;
				INFOPLIST_FILE = atthack24/Info.plist;
				INFOPLIST_KEY_NSLocationWhenInUseUsageDescription = "";
				INFOPLIST_KEY_UIApplicationSceneManifest_Generation = YES;
				INFOPLIST_KEY_UIApplicationSupportsIndirectInputEvents = YES;
				INFOPLIST_KEY_UILaunchScreen_Generation = YES;
				INFOPLIST_KEY_UISupportedInterfaceOrientations_iPad = "UIInterfaceOrientationPortrait UIInterfaceOrientationPortraitUpsideDown UIInterfaceOrientationLandscapeLeft UIInterfaceOrientationLandscapeRight";
				INFOPLIST_KEY_UISupportedInterfaceOrientations_iPhone = "UIInterfaceOrientationPortrait UIInterfaceOrientationLandscapeLeft UIInterfaceOrientationLandscapeRight";
				LD_RUNPATH_SEARCH_PATHS = (
					"$(inherited)",
					"@executable_path/Frameworks",
				);
				MARKETING_VERSION = 1.0;
				PRODUCT_BUNDLE_IDENTIFIER = q.atthack24;
				PRODUCT_NAME = "$(TARGET_NAME)";
				SWIFT_EMIT_LOC_STRINGS = YES;
				SWIFT_VERSION = 5.0;
				TARGETED_DEVICE_FAMILY = "1,2";
			};
			name = Release;
		};
		E21718E32CF876F8007D81AB /* Debug */ = {
			isa = XCBuildConfiguration;
			buildSettings = {
				BUNDLE_LOADER = "$(TEST_HOST)";
				CODE_SIGN_STYLE = Automatic;
				CURRENT_PROJECT_VERSION = 1;
				DEVELOPMENT_TEAM = 3A6563UC64;
				GENERATE_INFOPLIST_FILE = YES;
				IPHONEOS_DEPLOYMENT_TARGET = 18.1;
				MARKETING_VERSION = 1.0;
				PRODUCT_BUNDLE_IDENTIFIER = q.atthack24Tests;
				PRODUCT_NAME = "$(TARGET_NAME)";
				SWIFT_EMIT_LOC_STRINGS = NO;
				SWIFT_VERSION = 5.0;
				TARGETED_DEVICE_FAMILY = "1,2";
				TEST_HOST = "$(BUILT_PRODUCTS_DIR)/atthack24.app/$(BUNDLE_EXECUTABLE_FOLDER_PATH)/atthack24";
			};
			name = Debug;
		};
		E21718E42CF876F8007D81AB /* Release */ = {
			isa = XCBuildConfiguration;
			buildSettings = {
				BUNDLE_LOADER = "$(TEST_HOST)";
				CODE_SIGN_STYLE = Automatic;
				CURRENT_PROJECT_VERSION = 1;
				DEVELOPMENT_TEAM = 3A6563UC64;
				GENERATE_INFOPLIST_FILE = YES;
				IPHONEOS_DEPLOYMENT_TARGET = 18.1;
				MARKETING_VERSION = 1.0;
				PRODUCT_BUNDLE_IDENTIFIER = q.atthack24Tests;
				PRODUCT_NAME = "$(TARGET_NAME)";
				SWIFT_EMIT_LOC_STRINGS = NO;
				SWIFT_VERSION = 5.0;
				TARGETED_DEVICE_FAMILY = "1,2";
				TEST_HOST = "$(BUILT_PRODUCTS_DIR)/atthack24.app/$(BUNDLE_EXECUTABLE_FOLDER_PATH)/atthack24";
			};
			name = Release;
		};
		E21718E62CF876F8007D81AB /* Debug */ = {
			isa = XCBuildConfiguration;
			buildSettings = {
				CODE_SIGN_STYLE = Automatic;
				CURRENT_PROJECT_VERSION = 1;
				DEVELOPMENT_TEAM = 3A6563UC64;
				GENERATE_INFOPLIST_FILE = YES;
				MARKETING_VERSION = 1.0;
				PRODUCT_BUNDLE_IDENTIFIER = q.atthack24UITests;
				PRODUCT_NAME = "$(TARGET_NAME)";
				SWIFT_EMIT_LOC_STRINGS = NO;
				SWIFT_VERSION = 5.0;
				TARGETED_DEVICE_FAMILY = "1,2";
				TEST_TARGET_NAME = atthack24;
			};
			name = Debug;
		};
		E21718E72CF876F8007D81AB /* Release */ = {
			isa = XCBuildConfiguration;
			buildSettings = {
				CODE_SIGN_STYLE = Automatic;
				CURRENT_PROJECT_VERSION = 1;
				DEVELOPMENT_TEAM = 3A6563UC64;
				GENERATE_INFOPLIST_FILE = YES;
				MARKETING_VERSION = 1.0;
				PRODUCT_BUNDLE_IDENTIFIER = q.atthack24UITests;
				PRODUCT_NAME = "$(TARGET_NAME)";
				SWIFT_EMIT_LOC_STRINGS = NO;
				SWIFT_VERSION = 5.0;
				TARGETED_DEVICE_FAMILY = "1,2";
				TEST_TARGET_NAME = atthack24;
			};
			name = Release;
		};
/* End XCBuildConfiguration section */

/* Begin XCConfigurationList section */
		E21718B12CF876F6007D81AB /* Build configuration list for PBXProject "atthack24" */ = {
			isa = XCConfigurationList;
			buildConfigurations = (
				E21718DD2CF876F8007D81AB /* Debug */,
				E21718DE2CF876F8007D81AB /* Release */,
			);
			defaultConfigurationIsVisible = 0;
			defaultConfigurationName = Release;
		};
		E21718DF2CF876F8007D81AB /* Build configuration list for PBXNativeTarget "atthack24" */ = {
			isa = XCConfigurationList;
			buildConfigurations = (
				E21718E02CF876F8007D81AB /* Debug */,
				E21718E12CF876F8007D81AB /* Release */,
			);
			defaultConfigurationIsVisible = 0;
			defaultConfigurationName = Release;
		};
		E21718E22CF876F8007D81AB /* Build configuration list for PBXNativeTarget "atthack24Tests" */ = {
			isa = XCConfigurationList;
			buildConfigurations = (
				E21718E32CF876F8007D81AB /* Debug */,
				E21718E42CF876F8007D81AB /* Release */,
			);
			defaultConfigurationIsVisible = 0;
			defaultConfigurationName = Release;
		};
		E21718E52CF876F8007D81AB /* Build configuration list for PBXNativeTarget "atthack24UITests" */ = {
			isa = XCConfigurationList;
			buildConfigurations = (
				E21718E62CF876F8007D81AB /* Debug */,
				E21718E72CF876F8007D81AB /* Release */,
			);
			defaultConfigurationIsVisible = 0;
			defaultConfigurationName = Release;
		};
/* End XCConfigurationList section */
	};
	rootObject = E21718AE2CF876F6007D81AB /* Project object */;
}
